
Microsoft Visual Studio Solution File, Format Version 12.00
# Visual Studio Version 17
VisualStudioVersion = 17.7.34024.191
MinimumVisualStudioVersion = 10.0.40219.1
Project("{2150E333-8FDC-42A3-9474-1A3956D46DE8}") = "Services", "Services", "{9D0DA06B-D41D-429E-82C1-384C780224A8}"
EndProject
Project("{2150E333-8FDC-42A3-9474-1A3956D46DE8}") = "Catalog", "Catalog", "{58AC647A-9238-4115-BE4B-A524398E0E94}"
EndProject
Project("{9A19103F-16F7-4668-BE54-9A1E7A4F7556}") = "Catalog.Api", "Services\Catalog\Catalog.Api\Catalog.Api.csproj", "{553B925F-CE79-47B9-9CB3-5A55AEB55BD2}"
EndProject
Project("{E53339B2-1760-4266-BCC7-CA923CBCF16C}") = "docker-compose", "docker-compose.dcproj", "{F938CD07-1B30-4050-8670-521D116386AE}"
EndProject
Project("{2150E333-8FDC-42A3-9474-1A3956D46DE8}") = "Basket", "Basket", "{0295B4E6-0529-4CEB-A194-7A4931F84B4F}"
EndProject
Project("{9A19103F-16F7-4668-BE54-9A1E7A4F7556}") = "Basket.Api", "Services\Basket\Basket.Api\Basket.Api.csproj", "{A0E419C4-6DC8-438A-B70A-FC90ECE0D311}"
EndProject
Project("{2150E333-8FDC-42A3-9474-1A3956D46DE8}") = "Discount", "Discount", "{AE5DF762-CC47-4835-87FA-C7638515C656}"
EndProject
Project("{9A19103F-16F7-4668-BE54-9A1E7A4F7556}") = "Discount.Api", "Services\Discount\Discount.Api\Discount.Api.csproj", "{5BF0CBA8-6BFB-4F3B-B1A8-7361145E5FA6}"
EndProject
Project("{FAE04EC0-301F-11D3-BF4B-00C04F79EFBC}") = "Discount.Grpc", "Services\Discount\Discount.Grpc\Discount.Grpc.csproj", "{B69260A7-338B-435C-8072-8B93A9DB8B7E}"
EndProject
Global
	GlobalSection(SolutionConfigurationPlatforms) = preSolution
		Debug|Any CPU = Debug|Any CPU
		Release|Any CPU = Release|Any CPU
	EndGlobalSection
	GlobalSection(ProjectConfigurationPlatforms) = postSolution
		{553B925F-CE79-47B9-9CB3-5A55AEB55BD2}.Debug|Any CPU.ActiveCfg = Debug|Any CPU
		{553B925F-CE79-47B9-9CB3-5A55AEB55BD2}.Debug|Any CPU.Build.0 = Debug|Any CPU
		{553B925F-CE79-47B9-9CB3-5A55AEB55BD2}.Release|Any CPU.ActiveCfg = Release|Any CPU
		{553B925F-CE79-47B9-9CB3-5A55AEB55BD2}.Release|Any CPU.Build.0 = Release|Any CPU
		{F938CD07-1B30-4050-8670-521D116386AE}.Debug|Any CPU.ActiveCfg = Debug|Any CPU
		{F938CD07-1B30-4050-8670-521D116386AE}.Debug|Any CPU.Build.0 = Debug|Any CPU
		{F938CD07-1B30-4050-8670-521D116386AE}.Release|Any CPU.ActiveCfg = Release|Any CPU
		{F938CD07-1B30-4050-8670-521D116386AE}.Release|Any CPU.Build.0 = Release|Any CPU
		{A0E419C4-6DC8-438A-B70A-FC90ECE0D311}.Debug|Any CPU.ActiveCfg = Debug|Any CPU
		{A0E419C4-6DC8-438A-B70A-FC90ECE0D311}.Debug|Any CPU.Build.0 = Debug|Any CPU
		{A0E419C4-6DC8-438A-B70A-FC90ECE0D311}.Release|Any CPU.ActiveCfg = Release|Any CPU
		{A0E419C4-6DC8-438A-B70A-FC90ECE0D311}.Release|Any CPU.Build.0 = Release|Any CPU
		{5BF0CBA8-6BFB-4F3B-B1A8-7361145E5FA6}.Debug|Any CPU.ActiveCfg = Debug|Any CPU
		{5BF0CBA8-6BFB-4F3B-B1A8-7361145E5FA6}.Debug|Any CPU.Build.0 = Debug|Any CPU
		{5BF0CBA8-6BFB-4F3B-B1A8-7361145E5FA6}.Release|Any CPU.ActiveCfg = Release|Any CPU
		{5BF0CBA8-6BFB-4F3B-B1A8-7361145E5FA6}.Release|Any CPU.Build.0 = Release|Any CPU
		{B69260A7-338B-435C-8072-8B93A9DB8B7E}.Debug|Any CPU.ActiveCfg = Debug|Any CPU
		{B69260A7-338B-435C-8072-8B93A9DB8B7E}.Debug|Any CPU.Build.0 = Debug|Any CPU
		{B69260A7-338B-435C-8072-8B93A9DB8B7E}.Release|Any CPU.ActiveCfg = Release|Any CPU
		{B69260A7-338B-435C-8072-8B93A9DB8B7E}.Release|Any CPU.Build.0 = Release|Any CPU
	EndGlobalSection
	GlobalSection(SolutionProperties) = preSolution
		HideSolutionNode = FALSE
	EndGlobalSection
	GlobalSection(NestedProjects) = preSolution
		{58AC647A-9238-4115-BE4B-A524398E0E94} = {9D0DA06B-D41D-429E-82C1-384C780224A8}
		{553B925F-CE79-47B9-9CB3-5A55AEB55BD2} = {58AC647A-9238-4115-BE4B-A524398E0E94}
		{0295B4E6-0529-4CEB-A194-7A4931F84B4F} = {9D0DA06B-D41D-429E-82C1-384C780224A8}
		{A0E419C4-6DC8-438A-B70A-FC90ECE0D311} = {0295B4E6-0529-4CEB-A194-7A4931F84B4F}
		{AE5DF762-CC47-4835-87FA-C7638515C656} = {9D0DA06B-D41D-429E-82C1-384C780224A8}
		{5BF0CBA8-6BFB-4F3B-B1A8-7361145E5FA6} = {AE5DF762-CC47-4835-87FA-C7638515C656}
		{B69260A7-338B-435C-8072-8B93A9DB8B7E} = {AE5DF762-CC47-4835-87FA-C7638515C656}
	EndGlobalSection
	GlobalSection(ExtensibilityGlobals) = postSolution
		SolutionGuid = {7282AC0C-C221-400A-8FD8-F054C5F1D299}
	EndGlobalSection
EndGlobal
